Microsoft Visual Studio Solution File, Format Version 11.00
# Visual Studio 2008

Project("{1EC24C00-6E06-7CE0-2BFA-7CE549309F45}") = "Siatkowka 3D", "Assembly-CSharp-firstpass.csproj", "{A286DDB4-4AE9-54B8-5894-9E63FF1D3BC3}"
EndProject
Project("{1EC24C00-6E06-7CE0-2BFA-7CE549309F45}") = "Siatkowka 3D", "Assembly-CSharp.csproj", "{1D816418-3CBB-6985-1986-4CB777D87733}"
EndProject
Project("{1EC24C00-6E06-7CE0-2BFA-7CE549309F45}") = "Siatkowka 3D", "Assembly-CSharp-Editor.csproj", "{50C198A1-2159-A953-F4A7-516263206B9B}"
EndProject
Global
	GlobalSection(SolutionConfigurationPlatforms) = preSolution
		Debug|Any CPU = Debug|Any CPU
		Release|Any CPU = Release|Any CPU
	EndGlobalSection
	GlobalSection(ProjectConfigurationPlatforms) = postSolution
		{A286DDB4-4AE9-54B8-5894-9E63FF1D3BC3}.Debug|Any CPU.ActiveCfg = Debug|Any CPU
		{A286DDB4-4AE9-54B8-5894-9E63FF1D3BC3}.Debug|Any CPU.Build.0 = Debug|Any CPU
		{A286DDB4-4AE9-54B8-5894-9E63FF1D3BC3}.Release|Any CPU.ActiveCfg = Release|Any CPU
		{A286DDB4-4AE9-54B8-5894-9E63FF1D3BC3}.Release|Any CPU.Build.0 = Release|Any CPU
		{1D816418-3CBB-6985-1986-4CB777D87733}.Debug|Any CPU.ActiveCfg = Debug|Any CPU
		{1D816418-3CBB-6985-1986-4CB777D87733}.Debug|Any CPU.Build.0 = Debug|Any CPU
		{1D816418-3CBB-6985-1986-4CB777D87733}.Release|Any CPU.ActiveCfg = Release|Any CPU
		{1D816418-3CBB-6985-1986-4CB777D87733}.Release|Any CPU.Build.0 = Release|Any CPU
		{50C198A1-2159-A953-F4A7-516263206B9B}.Debug|Any CPU.ActiveCfg = Debug|Any CPU
		{50C198A1-2159-A953-F4A7-516263206B9B}.Debug|Any CPU.Build.0 = Debug|Any CPU
		{50C198A1-2159-A953-F4A7-516263206B9B}.Release|Any CPU.ActiveCfg = Release|Any CPU
		{50C198A1-2159-A953-F4A7-516263206B9B}.Release|Any CPU.Build.0 = Release|Any CPU
	EndGlobalSection
	GlobalSection(SolutionProperties) = preSolution
		HideSolutionNode = FALSE
	EndGlobalSection
	GlobalSection(MonoDevelopProperties) = preSolution
		StartupItem = Assembly-CSharp.csproj
	EndGlobalSection
EndGlobal
